# This file is automatically @generated by Poetry 1.8.2 and should not be changed by hand.

[[package]]
name = "colorama"
version = "0.4.6"
description = "Cross-platform colored terminal text."
optional = false
python-versions = "!=3.0.*,!=3.1.*,!=3.2.*,!=3.3.*,!=3.4.*,!=3.5.*,!=3.6.*,>=2.7"
files = [
    {file = "colorama-0.4.6-py2.py3-none-any.whl", hash = "sha256:4f1d9991f5acc0ca119f9d443620b77f9d6b33703e51011c16baf57afb285fc6"},
    {file = "colorama-0.4.6.tar.gz", hash = "sha256:08695f5cb7ed6e0531a20572697297273c47b8cae5a63ffc6d6ed5c201be6e44"},
]

[[package]]
name = "mazegen"
version = "0.0.2"
description = "Python utility to generate and solve mazes."
optional = false
python-versions = ">=3.6"
files = [
    {file = "mazegen-0.0.2-py3-none-any.whl", hash = "sha256:2529dc4e4d00fc58cfd9428357f4999a2e6ec66a82333021c9ea498028bf5044"},
    {file = "mazegen-0.0.2.tar.gz", hash = "sha256:69bf0331ddb7e94a922e0620095fbe5686174413e6b5a67a80b3f97b8cca5674"},
]

[metadata]
lock-version = "2.0"
python-versions = "^3.12"
content-hash = "926874747ff013be00d8b5e5e1b72046cf848195d9cb3dc09a9e7b5bc71ee2df"
